
Microsoft Visual Studio Solution File, Format Version 12.00
# Visual Studio Version 16
VisualStudioVersion = 16.0.29503.13
MinimumVisualStudioVersion = 10.0.40219.1
Project("{9A19103F-16F7-4668-BE54-9A1E7A4F7556}") = "TaskVector", "Task2\TaskVector.csproj", "{59E0F2BA-08C5-426C-9F7A-FA5A8BD68588}"
EndProject
Project("{9A19103F-16F7-4668-BE54-9A1E7A4F7556}") = "UnitTestsTask2", "UnitTestsVector\UnitTestsTask2.csproj", "{F60922D3-3743-4910-80C8-17BA4CE164D6}"
EndProject
Project("{FAE04EC0-301F-11D3-BF4B-00C04F79EFBC}") = "TaskPolynom", "Polynom\TaskPolynom.csproj", "{639B0302-0419-4359-9B51-54A0F6BD724E}"
EndProject
Project("{FAE04EC0-301F-11D3-BF4B-00C04F79EFBC}") = "UnitTestPolynom", "UnitTestPolynom\UnitTestPolynom.csproj", "{A9B290D9-D508-47F2-AAF8-EDD7766B87F9}"
EndProject
Global
	GlobalSection(SolutionConfigurationPlatforms) = preSolution
		Debug|Any CPU = Debug|Any CPU
		Release|Any CPU = Release|Any CPU
	EndGlobalSection
	GlobalSection(ProjectConfigurationPlatforms) = postSolution
		{59E0F2BA-08C5-426C-9F7A-FA5A8BD68588}.Debug|Any CPU.ActiveCfg = Debug|Any CPU
		{59E0F2BA-08C5-426C-9F7A-FA5A8BD68588}.Debug|Any CPU.Build.0 = Debug|Any CPU
		{59E0F2BA-08C5-426C-9F7A-FA5A8BD68588}.Release|Any CPU.ActiveCfg = Release|Any CPU
		{59E0F2BA-08C5-426C-9F7A-FA5A8BD68588}.Release|Any CPU.Build.0 = Release|Any CPU
		{F60922D3-3743-4910-80C8-17BA4CE164D6}.Debug|Any CPU.ActiveCfg = Debug|Any CPU
		{F60922D3-3743-4910-80C8-17BA4CE164D6}.Debug|Any CPU.Build.0 = Debug|Any CPU
		{F60922D3-3743-4910-80C8-17BA4CE164D6}.Release|Any CPU.ActiveCfg = Release|Any CPU
		{F60922D3-3743-4910-80C8-17BA4CE164D6}.Release|Any CPU.Build.0 = Release|Any CPU
		{639B0302-0419-4359-9B51-54A0F6BD724E}.Debug|Any CPU.ActiveCfg = Debug|Any CPU
		{639B0302-0419-4359-9B51-54A0F6BD724E}.Debug|Any CPU.Build.0 = Debug|Any CPU
		{639B0302-0419-4359-9B51-54A0F6BD724E}.Release|Any CPU.ActiveCfg = Release|Any CPU
		{639B0302-0419-4359-9B51-54A0F6BD724E}.Release|Any CPU.Build.0 = Release|Any CPU
		{A9B290D9-D508-47F2-AAF8-EDD7766B87F9}.Debug|Any CPU.ActiveCfg = Debug|Any CPU
		{A9B290D9-D508-47F2-AAF8-EDD7766B87F9}.Debug|Any CPU.Build.0 = Debug|Any CPU
		{A9B290D9-D508-47F2-AAF8-EDD7766B87F9}.Release|Any CPU.ActiveCfg = Release|Any CPU
		{A9B290D9-D508-47F2-AAF8-EDD7766B87F9}.Release|Any CPU.Build.0 = Release|Any CPU
	EndGlobalSection
	GlobalSection(SolutionProperties) = preSolution
		HideSolutionNode = FALSE
	EndGlobalSection
	GlobalSection(ExtensibilityGlobals) = postSolution
		SolutionGuid = {F8A603FC-B320-4577-9FAB-944E5BD744E0}
	EndGlobalSection
EndGlobal
