
Microsoft Visual Studio Solution File, Format Version 12.00
# Visual Studio Version 16
VisualStudioVersion = 16.0.29418.71
MinimumVisualStudioVersion = 10.0.40219.1
Project("{FAE04EC0-301F-11D3-BF4B-00C04F79EFBC}") = "Task1GCD", "FindGCD\Task1GCD.csproj", "{D65587CC-D2CC-45DF-9B09-3016AF9CE12C}"
EndProject
Project("{FAE04EC0-301F-11D3-BF4B-00C04F79EFBC}") = "UnitTestsGCD", "UnitTestsGCD\UnitTestsGCD.csproj", "{2FDB917B-AB2A-499B-9C28-EF4E5D1486FB}"
EndProject
Global
	GlobalSection(SolutionConfigurationPlatforms) = preSolution
		Debug|Any CPU = Debug|Any CPU
		Release|Any CPU = Release|Any CPU
	EndGlobalSection
	GlobalSection(ProjectConfigurationPlatforms) = postSolution
		{D65587CC-D2CC-45DF-9B09-3016AF9CE12C}.Debug|Any CPU.ActiveCfg = Debug|Any CPU
		{D65587CC-D2CC-45DF-9B09-3016AF9CE12C}.Debug|Any CPU.Build.0 = Debug|Any CPU
		{D65587CC-D2CC-45DF-9B09-3016AF9CE12C}.Release|Any CPU.ActiveCfg = Release|Any CPU
		{D65587CC-D2CC-45DF-9B09-3016AF9CE12C}.Release|Any CPU.Build.0 = Release|Any CPU
		{2FDB917B-AB2A-499B-9C28-EF4E5D1486FB}.Debug|Any CPU.ActiveCfg = Debug|Any CPU
		{2FDB917B-AB2A-499B-9C28-EF4E5D1486FB}.Debug|Any CPU.Build.0 = Debug|Any CPU
		{2FDB917B-AB2A-499B-9C28-EF4E5D1486FB}.Release|Any CPU.ActiveCfg = Release|Any CPU
		{2FDB917B-AB2A-499B-9C28-EF4E5D1486FB}.Release|Any CPU.Build.0 = Release|Any CPU
	EndGlobalSection
	GlobalSection(SolutionProperties) = preSolution
		HideSolutionNode = FALSE
	EndGlobalSection
	GlobalSection(ExtensibilityGlobals) = postSolution
		SolutionGuid = {C38175A6-8DCE-4282-9434-E1999422EF62}
	EndGlobalSection
EndGlobal
